
Microsoft Visual Studio Solution File, Format Version 12.00
# Visual Studio 15
VisualStudioVersion = 15.0.27130.2036
MinimumVisualStudioVersion = 10.0.40219.1
Project("{FAE04EC0-301F-11D3-BF4B-00C04F79EFBC}") = "aspnet", "aspnet\aspnet.csproj", "{AF6C7A81-8C3E-4908-B2ED-C30A7C2B6C83}"
EndProject
Global
	GlobalSection(SolutionConfigurationPlatforms) = preSolution
		Debug|Any CPU = Debug|Any CPU
		Release|Any CPU = Release|Any CPU
	EndGlobalSection
	GlobalSection(ProjectConfigurationPlatforms) = postSolution
		{AF6C7A81-8C3E-4908-B2ED-C30A7C2B6C83}.Debug|Any CPU.ActiveCfg = Debug|Any CPU
		{AF6C7A81-8C3E-4908-B2ED-C30A7C2B6C83}.Debug|Any CPU.Build.0 = Debug|Any CPU
		{AF6C7A81-8C3E-4908-B2ED-C30A7C2B6C83}.Release|Any CPU.ActiveCfg = Release|Any CPU
		{AF6C7A81-8C3E-4908-B2ED-C30A7C2B6C83}.Release|Any CPU.Build.0 = Release|Any CPU
	EndGlobalSection
	GlobalSection(SolutionProperties) = preSolution
		HideSolutionNode = FALSE
	EndGlobalSection
	GlobalSection(ExtensibilityGlobals) = postSolution
		SolutionGuid = {A8D948C3-16CC-4A80-9C06-4186136E76A9}
	EndGlobalSection
EndGlobal
